// !$*UTF8*$!
{
	archiveVersion = 1;
	classes = {
	};
	objectVersion = 50;
	objects = {

/* Begin PBXBuildFile section */
		B841E0E22359BBAB0057C704 /* AppDelegate.m in Sources */ = {isa = PBXBuildFile; fileRef = B841E0E12359BBAB0057C704 /* AppDelegate.m */; };
		B841E0E52359BBAB0057C704 /* SceneDelegate.m in Sources */ = {isa = PBXBuildFile; fileRef = B841E0E42359BBAB0057C704 /* SceneDelegate.m */; };
		B841E0E82359BBAB0057C704 /* ViewController.m in Sources */ = {isa = PBXBuildFile; fileRef = B841E0E72359BBAB0057C704 /* ViewController.m */; };
		B841E0EB2359BBAB0057C704 /* Main.storyboard in Resources */ = {isa = PBXBuildFile; fileRef = B841E0E92359BBAB0057C704 /* Main.storyboard */; };
		B841E0ED2359BBAE0057C704 /* Assets.xcassets in Resources */ = {isa = PBXBuildFile; fileRef = B841E0EC2359BBAE0057C704 /* Assets.xcassets */; };
		B841E0F02359BBAE0057C704 /* LaunchScreen.storyboard in Resources */ = {isa = PBXBuildFile; fileRef = B841E0EE2359BBAE0057C704 /* LaunchScreen.storyboard */; };
		B841E0F32359BBAE0057C704 /* main.m in Sources */ = {isa = PBXBuildFile; fileRef = B841E0F22359BBAE0057C704 /* main.m */; };
		B841E0FD2359BBAE0057C704 /* JXAVPlayerViewTests.m in Sources */ = {isa = PBXBuildFile; fileRef = B841E0FC2359BBAE0057C704 /* JXAVPlayerViewTests.m */; };
		B841E1082359BBAE0057C704 /* JXAVPlayerViewUITests.m in Sources */ = {isa = PBXBuildFile; fileRef = B841E1072359BBAE0057C704 /* JXAVPlayerViewUITests.m */; };
/* End PBXBuildFile section */

/* Begin PBXContainerItemProxy section */
		B841E0F92359BBAE0057C704 /* PBXContainerItemProxy */ = {
			isa = PBXContainerItemProxy;
			containerPortal = B841E0D52359BBAB0057C704 /* Project object */;
			proxyType = 1;
			remoteGlobalIDString = B841E0DC2359BBAB0057C704;
			remoteInfo = JXAVPlayerView;
		};
		B841E1042359BBAE0057C704 /* PBXContainerItemProxy */ = {
			isa = PBXContainerItemProxy;
			containerPortal = B841E0D52359BBAB0057C704 /* Project object */;
			proxyType = 1;
			remoteGlobalIDString = B841E0DC2359BBAB0057C704;
			remoteInfo = JXAVPlayerView;
		};
/* End PBXContainerItemProxy section */

/* Begin PBXFileReference section */
		B841E0DD2359BBAB0057C704 /* JXAVPlayerView.app */ = {isa = PBXFileReference; explicitFileType = wrapper.application; includeInIndex = 0; path = JXAVPlayerView.app; sourceTree = BUILT_PRODUCTS_DIR; };
		B841E0E02359BBAB0057C704 /* AppDelegate.h */ = {isa = PBXFileReference; lastKnownFileType = sourcecode.c.h; path = AppDelegate.h; sourceTree = "<group>"; };
		B841E0E12359BBAB0057C704 /* AppDelegate.m */ = {isa = PBXFileReference; lastKnownFileType = sourcecode.c.objc; path = AppDelegate.m; sourceTree = "<group>"; };
		B841E0E32359BBAB0057C704 /* SceneDelegate.h */ = {isa = PBXFileReference; lastKnownFileType = sourcecode.c.h; path = SceneDelegate.h; sourceTree = "<group>"; };
		B841E0E42359BBAB0057C704 /* SceneDelegate.m */ = {isa = PBXFileReference; lastKnownFileType = sourcecode.c.objc; path = SceneDelegate.m; sourceTree = "<group>"; };
		B841E0E62359BBAB0057C704 /* ViewController.h */ = {isa = PBXFileReference; lastKnownFileType = sourcecode.c.h; path = ViewController.h; sourceTree = "<group>"; };
		B841E0E72359BBAB0057C704 /* ViewController.m */ = {isa = PBXFileReference; lastKnownFileType = sourcecode.c.objc; path = ViewController.m; sourceTree = "<group>"; };
		B841E0EA2359BBAB0057C704 /* Base */ = {isa = PBXFileReference; lastKnownFileType = file.storyboard; name = Base; path = Base.lproj/Main.storyboard; sourceTree = "<group>"; };
		B841E0EC2359BBAE0057C704 /* Assets.xcassets */ = {isa = PBXFileReference; lastKnownFileType = folder.assetcatalog; path = Assets.xcassets; sourceTree = "<group>"; };
		B841E0EF2359BBAE0057C704 /* Base */ = {isa = PBXFileReference; lastKnownFileType = file.storyboard; name = Base; path = Base.lproj/LaunchScreen.storyboard; sourceTree = "<group>"; };
		B841E0F12359BBAE0057C704 /* Info.plist */ = {isa = PBXFileReference; lastKnownFileType = text.plist.xml; path = Info.plist; sourceTree = "<group>"; };
		B841E0F22359BBAE0057C704 /* main.m */ = {isa = PBXFileReference; lastKnownFileType = sourcecode.c.objc; path = main.m; sourceTree = "<group>"; };
		B841E0F82359BBAE0057C704 /* JXAVPlayerViewTests.xctest */ = {isa = PBXFileReference; explicitFileType = wrapper.cfbundle; includeInIndex = 0; path = JXAVPlayerViewTests.xctest; sourceTree = BUILT_PRODUCTS_DIR; };
		B841E0FC2359BBAE0057C704 /* JXAVPlayerViewTests.m */ = {isa = PBXFileReference; lastKnownFileType = sourcecode.c.objc; path = JXAVPlayerViewTests.m; sourceTree = "<group>"; };
		B841E0FE2359BBAE0057C704 /* Info.plist */ = {isa = PBXFileReference; lastKnownFileType = text.plist.xml; path = Info.plist; sourceTree = "<group>"; };
		B841E1032359BBAE0057C704 /* JXAVPlayerViewUITests.xctest */ = {isa = PBXFileReference; explicitFileType = wrapper.cfbundle; includeInIndex = 0; path = JXAVPlayerViewUITests.xctest; sourceTree = BUILT_PRODUCTS_DIR; };
		B841E1072359BBAE0057C704 /* JXAVPlayerViewUITests.m */ = {isa = PBXFileReference; lastKnownFileType = sourcecode.c.objc; path = JXAVPlayerViewUITests.m; sourceTree = "<group>"; };
		B841E1092359BBAE0057C704 /* Info.plist */ = {isa = PBXFileReference; lastKnownFileType = text.plist.xml; path = Info.plist; sourceTree = "<group>"; };
/* End PBXFileReference section */

/* Begin PBXFrameworksBuildPhase section */
		B841E0DA2359BBAB0057C704 /* Frameworks */ = {
			isa = PBXFrameworksBuildPhase;
			buildActionMask = 2147483647;
			files = (
			);
			runOnlyForDeploymentPostprocessing = 0;
		};
		B841E0F52359BBAE0057C704 /* Frameworks */ = {
			isa = PBXFrameworksBuildPhase;
			buildActionMask = 2147483647;
			files = (
			);
			runOnlyForDeploymentPostprocessing = 0;
		};
		B841E1002359BBAE0057C704 /* Frameworks */ = {
			isa = PBXFrameworksBuildPhase;
			buildActionMask = 2147483647;
			files = (
			);
			runOnlyForDeploymentPostprocessing = 0;
		};
/* End PBXFrameworksBuildPhase section */

/* Begin PBXGroup section */
		B841E0D42359BBAB0057C704 = {
			isa = PBXGroup;
			children = (
				B841E0DF2359BBAB0057C704 /* JXAVPlayerView */,
				B841E0FB2359BBAE0057C704 /* JXAVPlayerViewTests */,
				B841E1062359BBAE0057C704 /* JXAVPlayerViewUITests */,
				B841E0DE2359BBAB0057C704 /* Products */,
			);
			sourceTree = "<group>";
		};
		B841E0DE2359BBAB0057C704 /* Products */ = {
			isa = PBXGroup;
			children = (
				B841E0DD2359BBAB0057C704 /* JXAVPlayerView.app */,
				B841E0F82359BBAE0057C704 /* JXAVPlayerViewTests.xctest */,
				B841E1032359BBAE0057C704 /* JXAVPlayerViewUITests.xctest */,
			);
			name = Products;
			sourceTree = "<group>";
		};
		B841E0DF2359BBAB0057C704 /* JXAVPlayerView */ = {
			isa = PBXGroup;
			children = (
				B841E0E02359BBAB0057C704 /* AppDelegate.h */,
				B841E0E12359BBAB0057C704 /* AppDelegate.m */,
				B841E0E32359BBAB0057C704 /* SceneDelegate.h */,
				B841E0E42359BBAB0057C704 /* SceneDelegate.m */,
				B841E0E62359BBAB0057C704 /* ViewController.h */,
				B841E0E72359BBAB0057C704 /* ViewController.m */,
				B841E0E92359BBAB0057C704 /* Main.storyboard */,
				B841E0EC2359BBAE0057C704 /* Assets.xcassets */,
				B841E0EE2359BBAE0057C704 /* LaunchScreen.storyboard */,
				B841E0F12359BBAE0057C704 /* Info.plist */,
				B841E0F22359BBAE0057C704 /* main.m */,
			);
			path = JXAVPlayerView;
			sourceTree = "<group>";
		};
		B841E0FB2359BBAE0057C704 /* JXAVPlayerViewTests */ = {
			isa = PBXGroup;
			children = (
				B841E0FC2359BBAE0057C704 /* JXAVPlayerViewTests.m */,
				B841E0FE2359BBAE0057C704 /* Info.plist */,
			);
			path = JXAVPlayerViewTests;
			sourceTree = "<group>";
		};
		B841E1062359BBAE0057C704 /* JXAVPlayerViewUITests */ = {
			isa = PBXGroup;
			children = (
				B841E1072359BBAE0057C704 /* JXAVPlayerViewUITests.m */,
				B841E1092359BBAE0057C704 /* Info.plist */,
			);
			path = JXAVPlayerViewUITests;
			sourceTree = "<group>";
		};
/* End PBXGroup section */

/* Begin PBXNativeTarget section */
		B841E0DC2359BBAB0057C704 /* JXAVPlayerView */ = {
			isa = PBXNativeTarget;
			buildConfigurationList = B841E10C2359BBAE0057C704 /* Build configuration list for PBXNativeTarget "JXAVPlayerView" */;
			buildPhases = (
				B841E0D92359BBAB0057C704 /* Sources */,
				B841E0DA2359BBAB0057C704 /* Frameworks */,
				B841E0DB2359BBAB0057C704 /* Resources */,
			);
			buildRules = (
			);
			dependencies = (
			);
			name = JXAVPlayerView;
			productName = JXAVPlayerView;
			productReference = B841E0DD2359BBAB0057C704 /* JXAVPlayerView.app */;
			productType = "com.apple.product-type.application";
		};
		B841E0F72359BBAE0057C704 /* JXAVPlayerViewTests */ = {
			isa = PBXNativeTarget;
			buildConfigurationList = B841E10F2359BBAE0057C704 /* Build configuration list for PBXNativeTarget "JXAVPlayerViewTests" */;
			buildPhases = (
				B841E0F42359BBAE0057C704 /* Sources */,
				B841E0F52359BBAE0057C704 /* Frameworks */,
				B841E0F62359BBAE0057C704 /* Resources */,
			);
			buildRules = (
			);
			dependencies = (
				B841E0FA2359BBAE0057C704 /* PBXTargetDependency */,
			);
			name = JXAVPlayerViewTests;
			productName = JXAVPlayerViewTests;
			productReference = B841E0F82359BBAE0057C704 /* JXAVPlayerViewTests.xctest */;
			productType = "com.apple.product-type.bundle.unit-test";
		};
		B841E1022359BBAE0057C704 /* JXAVPlayerViewUITests */ = {
			isa = PBXNativeTarget;
			buildConfigurationList = B841E1122359BBAE0057C704 /* Build configuration list for PBXNativeTarget "JXAVPlayerViewUITests" */;
			buildPhases = (
				B841E0FF2359BBAE0057C704 /* Sources */,
				B841E1002359BBAE0057C704 /* Frameworks */,
				B841E1012359BBAE0057C704 /* Resources */,
			);
			buildRules = (
			);
			dependencies = (
				B841E1052359BBAE0057C704 /* PBXTargetDependency */,
			);
			name = JXAVPlayerViewUITests;
			productName = JXAVPlayerViewUITests;
			productReference = B841E1032359BBAE0057C704 /* JXAVPlayerViewUITests.xctest */;
			productType = "com.apple.product-type.bundle.ui-testing";
		};
/* End PBXNativeTarget section */

/* Begin PBXProject section */
		B841E0D52359BBAB0057C704 /* Project object */ = {
			isa = PBXProject;
			attributes = {
				LastUpgradeCheck = 1110;
				ORGANIZATIONNAME = JosephXuan;
				TargetAttributes = {
					B841E0DC2359BBAB0057C704 = {
						CreatedOnToolsVersion = 11.1;
					};
					B841E0F72359BBAE0057C704 = {
						CreatedOnToolsVersion = 11.1;
						TestTargetID = B841E0DC2359BBAB0057C704;
					};
					B841E1022359BBAE0057C704 = {
						CreatedOnToolsVersion = 11.1;
						TestTargetID = B841E0DC2359BBAB0057C704;
					};
				};
			};
			buildConfigurationList = B841E0D82359BBAB0057C704 /* Build configuration list for PBXProject "JXAVPlayerView" */;
			compatibilityVersion = "Xcode 9.3";
			developmentRegion = en;
			hasScannedForEncodings = 0;
			knownRegions = (
				en,
				Base,
			);
			mainGroup = B841E0D42359BBAB0057C704;
			productRefGroup = B841E0DE2359BBAB0057C704 /* Products */;
			projectDirPath = "";
			projectRoot = "";
			targets = (
				B841E0DC2359BBAB0057C704 /* JXAVPlayerView */,
				B841E0F72359BBAE0057C704 /* JXAVPlayerViewTests */,
				B841E1022359BBAE0057C704 /* JXAVPlayerViewUITests */,
			);
		};
/* End PBXProject section */

/* Begin PBXResourcesBuildPhase section */
		B841E0DB2359BBAB0057C704 /* Resources */ = {
			isa = PBXResourcesBuildPhase;
			buildActionMask = 2147483647;
			files = (
				B841E0F02359BBAE0057C704 /* LaunchScreen.storyboard in Resources */,
				B841E0ED2359BBAE0057C704 /* Assets.xcassets in Resources */,
				B841E0EB2359BBAB0057C704 /* Main.storyboard in Resources */,
			);
			runOnlyForDeploymentPostprocessing = 0;
		};
		B841E0F62359BBAE0057C704 /* Resources */ = {
			isa = PBXResourcesBuildPhase;
			buildActionMask = 2147483647;
			files = (
			);
			runOnlyForDeploymentPostprocessing = 0;
		};
		B841E1012359BBAE0057C704 /* Resources */ = {
			isa = PBXResourcesBuildPhase;
			buildActionMask = 2147483647;
			files = (
			);
			runOnlyForDeploymentPostprocessing = 0;
		};
/* End PBXResourcesBuildPhase section */

/* Begin PBXSourcesBuildPhase section */
		B841E0D92359BBAB0057C704 /* Sources */ = {
			isa = PBXSourcesBuildPhase;
			buildActionMask = 2147483647;
			files = (
				B841E0E82359BBAB0057C704 /* ViewController.m in Sources */,
				B841E0E22359BBAB0057C704 /* AppDelegate.m in Sources */,
				B841E0F32359BBAE0057C704 /* main.m in Sources */,
				B841E0E52359BBAB0057C704 /* SceneDelegate.m in Sources */,
			);
			runOnlyForDeploymentPostprocessing = 0;
		};
		B841E0F42359BBAE0057C704 /* Sources */ = {
			isa = PBXSourcesBuildPhase;
			buildActionMask = 2147483647;
			files = (
				B841E0FD2359BBAE0057C704 /* JXAVPlayerViewTests.m in Sources */,
			);
			runOnlyForDeploymentPostprocessing = 0;
		};
		B841E0FF2359BBAE0057C704 /* Sources */ = {
			isa = PBXSourcesBuildPhase;
			buildActionMask = 2147483647;
			files = (
				B841E1082359BBAE0057C704 /* JXAVPlayerViewUITests.m in Sources */,
			);
			runOnlyForDeploymentPostprocessing = 0;
		};
/* End PBXSourcesBuildPhase section */

/* Begin PBXTargetDependency section */
		B841E0FA2359BBAE0057C704 /* PBXTargetDependency */ = {
			isa = PBXTargetDependency;
			target = B841E0DC2359BBAB0057C704 /* JXAVPlayerView */;
			targetProxy = B841E0F92359BBAE0057C704 /* PBXContainerItemProxy */;
		};
		B841E1052359BBAE0057C704 /* PBXTargetDependency */ = {
			isa = PBXTargetDependency;
			target = B841E0DC2359BBAB0057C704 /* JXAVPlayerView */;
			targetProxy = B841E1042359BBAE0057C704 /* PBXContainerItemProxy */;
		};
/* End PBXTargetDependency section */

/* Begin PBXVariantGroup section */
		B841E0E92359BBAB0057C704 /* Main.storyboard */ = {
			isa = PBXVariantGroup;
			children = (
				B841E0EA2359BBAB0057C704 /* Base */,
			);
			name = Main.storyboard;
			sourceTree = "<group>";
		};
		B841E0EE2359BBAE0057C704 /* LaunchScreen.storyboard */ = {
			isa = PBXVariantGroup;
			children = (
				B841E0EF2359BBAE0057C704 /* Base */,
			);
			name = LaunchScreen.storyboard;
			sourceTree = "<group>";
		};
/* End PBXVariantGroup section */

/* Begin XCBuildConfiguration section */
		B841E10A2359BBAE0057C704 /* Debug */ = {
			isa = XCBuildConfiguration;
			buildSettings = {
				ALWAYS_SEARCH_USER_PATHS = NO;
				CLANG_ANALYZER_NONNULL = YES;
				CLANG_ANALYZER_NUMBER_OBJECT_CONVERSION = YES_AGGRESSIVE;
				CLANG_CXX_LANGUAGE_STANDARD = "gnu++14";
				CLANG_CXX_LIBRARY = "libc++";
				CLANG_ENABLE_MODULES = YES;
				CLANG_ENABLE_OBJC_ARC = YES;
				CLANG_ENABLE_OBJC_WEAK = YES;
				CLANG_WARN_BLOCK_CAPTURE_AUTORELEASING = YES;
				CLANG_WARN_BOOL_CONVERSION = YES;
				CLANG_WARN_COMMA = YES;
				CLANG_WARN_CONSTANT_CONVERSION = YES;
				CLANG_WARN_DEPRECATED_OBJC_IMPLEMENTATIONS = YES;
				CLANG_WARN_DIRECT_OBJC_ISA_USAGE = YES_ERROR;
				CLANG_WARN_DOCUMENTATION_COMMENTS = YES;
				CLANG_WARN_EMPTY_BODY = YES;
				CLANG_WARN_ENUM_CONVERSION = YES;
				CLANG_WARN_INFINITE_RECURSION = YES;
				CLANG_WARN_INT_CONVERSION = YES;
				CLANG_WARN_NON_LITERAL_NULL_CONVERSION = YES;
				CLANG_WARN_OBJC_IMPLICIT_RETAIN_SELF = YES;
				CLANG_WARN_OBJC_LITERAL_CONVERSION = YES;
				CLANG_WARN_OBJC_ROOT_CLASS = YES_ERROR;
				CLANG_WARN_RANGE_LOOP_ANALYSIS = YES;
				CLANG_WARN_STRICT_PROTOTYPES = YES;
				CLANG_WARN_SUSPICIOUS_MOVE = YES;
				CLANG_WARN_UNGUARDED_AVAILABILITY = YES_AGGRESSIVE;
				CLANG_WARN_UNREACHABLE_CODE = YES;
				CLANG_WARN__DUPLICATE_METHOD_MATCH = YES;
				COPY_PHASE_STRIP = NO;
				DEBUG_INFORMATION_FORMAT = dwarf;
				ENABLE_STRICT_OBJC_MSGSEND = YES;
				ENABLE_TESTABILITY = YES;
				GCC_C_LANGUAGE_STANDARD = gnu11;
				GCC_DYNAMIC_NO_PIC = NO;
				GCC_NO_COMMON_BLOCKS = YES;
				GCC_OPTIMIZATION_LEVEL = 0;
				GCC_PREPROCESSOR_DEFINITIONS = (
					"DEBUG=1",
					"$(inherited)",
				);
				GCC_WARN_64_TO_32_BIT_CONVERSION = YES;
				GCC_WARN_ABOUT_RETURN_TYPE = YES_ERROR;
				GCC_WARN_UNDECLARED_SELECTOR = YES;
				GCC_WARN_UNINITIALIZED_AUTOS = YES_AGGRESSIVE;
				GCC_WARN_UNUSED_FUNCTION = YES;
				GCC_WARN_UNUSED_VARIABLE = YES;
				IPHONEOS_DEPLOYMENT_TARGET = 13.1;
				MTL_ENABLE_DEBUG_INFO = INCLUDE_SOURCE;
				MTL_FAST_MATH = YES;
				ONLY_ACTIVE_ARCH = YES;
				SDKROOT = iphoneos;
			};
			name = Debug;
		};
		B841E10B2359BBAE0057C704 /* Release */ = {
			isa = XCBuildConfiguration;
			buildSettings = {
				ALWAYS_SEARCH_USER_PATHS = NO;
				CLANG_ANALYZER_NONNULL = YES;
				CLANG_ANALYZER_NUMBER_OBJECT_CONVERSION = YES_AGGRESSIVE;
				CLANG_CXX_LANGUAGE_STANDARD = "gnu++14";
				CLANG_CXX_LIBRARY = "libc++";
				CLANG_ENABLE_MODULES = YES;
				CLANG_ENABLE_OBJC_ARC = YES;
				CLANG_ENABLE_OBJC_WEAK = YES;
				CLANG_WARN_BLOCK_CAPTURE_AUTORELEASING = YES;
				CLANG_WARN_BOOL_CONVERSION = YES;
				CLANG_WARN_COMMA = YES;
				CLANG_WARN_CONSTANT_CONVERSION = YES;
				CLANG_WARN_DEPRECATED_OBJC_IMPLEMENTATIONS = YES;
				CLANG_WARN_DIRECT_OBJC_ISA_USAGE = YES_ERROR;
				CLANG_WARN_DOCUMENTATION_COMMENTS = YES;
				CLANG_WARN_EMPTY_BODY = YES;
				CLANG_WARN_ENUM_CONVERSION = YES;
				CLANG_WARN_INFINITE_RECURSION = YES;
				CLANG_WARN_INT_CONVERSION = YES;
				CLANG_WARN_NON_LITERAL_NULL_CONVERSION = YES;
				CLANG_WARN_OBJC_IMPLICIT_RETAIN_SELF = YES;
				CLANG_WARN_OBJC_LITERAL_CONVERSION = YES;
				CLANG_WARN_OBJC_ROOT_CLASS = YES_ERROR;
				CLANG_WARN_RANGE_LOOP_ANALYSIS = YES;
				CLANG_WARN_STRICT_PROTOTYPES = YES;
				CLANG_WARN_SUSPICIOUS_MOVE = YES;
				CLANG_WARN_UNGUARDED_AVAILABILITY = YES_AGGRESSIVE;
				CLANG_WARN_UNREACHABLE_CODE = YES;
				CLANG_WARN__DUPLICATE_METHOD_MATCH = YES;
				COPY_PHASE_STRIP = NO;
				DEBUG_INFORMATION_FORMAT = "dwarf-with-dsym";
				ENABLE_NS_ASSERTIONS = NO;
				ENABLE_STRICT_OBJC_MSGSEND = YES;
				GCC_C_LANGUAGE_STANDARD = gnu11;
				GCC_NO_COMMON_BLOCKS = YES;
				GCC_WARN_64_TO_32_BIT_CONVERSION = YES;
				GCC_WARN_ABOUT_RETURN_TYPE = YES_ERROR;
				GCC_WARN_UNDECLARED_SELECTOR = YES;
				GCC_WARN_UNINITIALIZED_AUTOS = YES_AGGRESSIVE;
				GCC_WARN_UNUSED_FUNCTION = YES;
				GCC_WARN_UNUSED_VARIABLE = YES;
				IPHONEOS_DEPLOYMENT_TARGET = 13.1;
				MTL_ENABLE_DEBUG_INFO = NO;
				MTL_FAST_MATH = YES;
				SDKROOT = iphoneos;
				VALIDATE_PRODUCT = YES;
			};
			name = Release;
		};
		B841E10D2359BBAE0057C704 /* Debug */ = {
			isa = XCBuildConfiguration;
			buildSettings = {
				ASSETCATALOG_COMPILER_APPICON_NAME = AppIcon;
				CODE_SIGN_STYLE = Automatic;
				INFOPLIST_FILE = JXAVPlayerView/Info.plist;
				LD_RUNPATH_SEARCH_PATHS = (
					"$(inherited)",
					"@executable_path/Frameworks",
				);
				PRODUCT_BUNDLE_IDENTIFIER = com.JosephXuan.JXAVPlayerView;
				PRODUCT_NAME = "$(TARGET_NAME)";
				TARGETED_DEVICE_FAMILY = "1,2";
			};
			name = Debug;
		};
		B841E10E2359BBAE0057C704 /* Release */ = {
			isa = XCBuildConfiguration;
			buildSettings = {
				ASSETCATALOG_COMPILER_APPICON_NAME = AppIcon;
				CODE_SIGN_STYLE = Automatic;
				INFOPLIST_FILE = JXAVPlayerView/Info.plist;
				LD_RUNPATH_SEARCH_PATHS = (
					"$(inherited)",
					"@executable_path/Frameworks",
				);
				PRODUCT_BUNDLE_IDENTIFIER = com.JosephXuan.JXAVPlayerView;
				PRODUCT_NAME = "$(TARGET_NAME)";
				TARGETED_DEVICE_FAMILY = "1,2";
			};
			name = Release;
		};
		B841E1102359BBAE0057C704 /* Debug */ = {
			isa = XCBuildConfiguration;
			buildSettings = {
				BUNDLE_LOADER = "$(TEST_HOST)";
				CODE_SIGN_STYLE = Automatic;
				INFOPLIST_FILE = JXAVPlayerViewTests/Info.plist;
				IPHONEOS_DEPLOYMENT_TARGET = 13.1;
				LD_RUNPATH_SEARCH_PATHS = (
					"$(inherited)",
					"@executable_path/Frameworks",
					"@loader_path/Frameworks",
				);
				PRODUCT_BUNDLE_IDENTIFIER = com.JosephXuan.JXAVPlayerViewTests;
				PRODUCT_NAME = "$(TARGET_NAME)";
				TARGETED_DEVICE_FAMILY = "1,2";
				TEST_HOST = "$(BUILT_PRODUCTS_DIR)/JXAVPlayerView.app/JXAVPlayerView";
			};
			name = Debug;
		};
		B841E1112359BBAE0057C704 /* Release */ = {
			isa = XCBuildConfiguration;
			buildSettings = {
				BUNDLE_LOADER = "$(TEST_HOST)";
				CODE_SIGN_STYLE = Automatic;
				INFOPLIST_FILE = JXAVPlayerViewTests/Info.plist;
				IPHONEOS_DEPLOYMENT_TARGET = 13.1;
				LD_RUNPATH_SEARCH_PATHS = (
					"$(inherited)",
					"@executable_path/Frameworks",
					"@loader_path/Frameworks",
				);
				PRODUCT_BUNDLE_IDENTIFIER = com.JosephXuan.JXAVPlayerViewTests;
				PRODUCT_NAME = "$(TARGET_NAME)";
				TARGETED_DEVICE_FAMILY = "1,2";
				TEST_HOST = "$(BUILT_PRODUCTS_DIR)/JXAVPlayerView.app/JXAVPlayerView";
			};
			name = Release;
		};
		B841E1132359BBAE0057C704 /* Debug */ = {
			isa = XCBuildConfiguration;
			buildSettings = {
				CODE_SIGN_STYLE = Automatic;
				INFOPLIST_FILE = JXAVPlayerViewUITests/Info.plist;
				LD_RUNPATH_SEARCH_PATHS = (
					"$(inherited)",
					"@executable_path/Frameworks",
					"@loader_path/Frameworks",
				);
				PRODUCT_BUNDLE_IDENTIFIER = com.JosephXuan.JXAVPlayerViewUITests;
				PRODUCT_NAME = "$(TARGET_NAME)";
				TARGETED_DEVICE_FAMILY = "1,2";
				TEST_TARGET_NAME = JXAVPlayerView;
			};
			name = Debug;
		};
		B841E1142359BBAE0057C704 /* Release */ = {
			isa = XCBuildConfiguration;
			buildSettings = {
				CODE_SIGN_STYLE = Automatic;
				INFOPLIST_FILE = JXAVPlayerViewUITests/Info.plist;
				LD_RUNPATH_SEARCH_PATHS = (
					"$(inherited)",
					"@executable_path/Frameworks",
					"@loader_path/Frameworks",
				);
				PRODUCT_BUNDLE_IDENTIFIER = com.JosephXuan.JXAVPlayerViewUITests;
				PRODUCT_NAME = "$(TARGET_NAME)";
				TARGETED_DEVICE_FAMILY = "1,2";
				TEST_TARGET_NAME = JXAVPlayerView;
			};
			name = Release;
		};
/* End XCBuildConfiguration section */

/* Begin XCConfigurationList section */
		B841E0D82359BBAB0057C704 /* Build configuration list for PBXProject "JXAVPlayerView" */ = {
			isa = XCConfigurationList;
			buildConfigurations = (
				B841E10A2359BBAE0057C704 /* Debug */,
				B841E10B2359BBAE0057C704 /* Release */,
			);
			defaultConfigurationIsVisible = 0;
			defaultConfigurationName = Release;
		};
		B841E10C2359BBAE0057C704 /* Build configuration list for PBXNativeTarget "JXAVPlayerView" */ = {
			isa = XCConfigurationList;
			buildConfigurations = (
				B841E10D2359BBAE0057C704 /* Debug */,
				B841E10E2359BBAE0057C704 /* Release */,
			);
			defaultConfigurationIsVisible = 0;
			defaultConfigurationName = Release;
		};
		B841E10F2359BBAE0057C704 /* Build configuration list for PBXNativeTarget "JXAVPlayerViewTests" */ = {
			isa = XCConfigurationList;
			buildConfigurations = (
				B841E1102359BBAE0057C704 /* Debug */,
				B841E1112359BBAE0057C704 /* Release */,
			);
			defaultConfigurationIsVisible = 0;
			defaultConfigurationName = Release;
		};
		B841E1122359BBAE0057C704 /* Build configuration list for PBXNativeTarget "JXAVPlayerViewUITests" */ = {
			isa = XCConfigurationList;
			buildConfigurations = (
				B841E1132359BBAE0057C704 /* Debug */,
				B841E1142359BBAE0057C704 /* Release */,
			);
			defaultConfigurationIsVisible = 0;
			defaultConfigurationName = Release;
		};
/* End XCConfigurationList section */
	};
	rootObject = B841E0D52359BBAB0057C704 /* Project object */;
}
